// !$*UTF8*$!
{
	archiveVersion = 1;
	classes = {
	};
	objectVersion = 77;
	objects = {

/* Begin PBXContainerItemProxy section */
		AAFD24A22DEFBAAD00FB7CDB /* PBXContainerItemProxy */ = {
			isa = PBXContainerItemProxy;
			containerPortal = AAFD248C2DEFBAAB00FB7CDB /* Project object */;
			proxyType = 1;
			remoteGlobalIDString = AAFD24932DEFBAAB00FB7CDB;
			remoteInfo = MelodyMap;
		};
		AAFD24AC2DEFBAAD00FB7CDB /* PBXContainerItemProxy */ = {
			isa = PBXContainerItemProxy;
			containerPortal = AAFD248C2DEFBAAB00FB7CDB /* Project object */;
			proxyType = 1;
			remoteGlobalIDString = AAFD24932DEFBAAB00FB7CDB;
			remoteInfo = MelodyMap;
		};
/* End PBXContainerItemProxy section */

/* Begin PBXFileReference section */
		AAFD24942DEFBAAB00FB7CDB /* MelodyMap.app */ = {isa = PBXFileReference; explicitFileType = wrapper.application; includeInIndex = 0; path = MelodyMap.app; sourceTree = BUILT_PRODUCTS_DIR; };
		AAFD24A12DEFBAAD00FB7CDB /* MelodyMapTests.xctest */ = {isa = PBXFileReference; explicitFileType = wrapper.cfbundle; includeInIndex = 0; path = MelodyMapTests.xctest; sourceTree = BUILT_PRODUCTS_DIR; };
		AAFD24AB2DEFBAAD00FB7CDB /* MelodyMapUITests.xctest */ = {isa = PBXFileReference; explicitFileType = wrapper.cfbundle; includeInIndex = 0; path = MelodyMapUITests.xctest; sourceTree = BUILT_PRODUCTS_DIR; };
/* End PBXFileReference section */

/* Begin PBXFileSystemSynchronizedRootGroup section */
		AAFD24962DEFBAAB00FB7CDB /* MelodyMap */ = {
			isa = PBXFileSystemSynchronizedRootGroup;
			path = MelodyMap;
			sourceTree = "<group>";
		};
		AAFD24A42DEFBAAD00FB7CDB /* MelodyMapTests */ = {
			isa = PBXFileSystemSynchronizedRootGroup;
			path = MelodyMapTests;
			sourceTree = "<group>";
		};
		AAFD24AE2DEFBAAD00FB7CDB /* MelodyMapUITests */ = {
			isa = PBXFileSystemSynchronizedRootGroup;
			path = MelodyMapUITests;
			sourceTree = "<group>";
		};
/* End PBXFileSystemSynchronizedRootGroup section */

/* Begin PBXFrameworksBuildPhase section */
		AAFD24912DEFBAAB00FB7CDB /* Frameworks */ = {
			isa = PBXFrameworksBuildPhase;
			buildActionMask = 2147483647;
			files = (
			);
			runOnlyForDeploymentPostprocessing = 0;
		};
		AAFD249E2DEFBAAD00FB7CDB /* Frameworks */ = {
			isa = PBXFrameworksBuildPhase;
			buildActionMask = 2147483647;
			files = (
			);
			runOnlyForDeploymentPostprocessing = 0;
		};
		AAFD24A82DEFBAAD00FB7CDB /* Frameworks */ = {
			isa = PBXFrameworksBuildPhase;
			buildActionMask = 2147483647;
			files = (
			);
			runOnlyForDeploymentPostprocessing = 0;
		};
/* End PBXFrameworksBuildPhase section */

/* Begin PBXGroup section */
		AAFD248B2DEFBAAB00FB7CDB = {
			isa = PBXGroup;
			children = (
				AAFD24962DEFBAAB00FB7CDB /* MelodyMap */,
				AAFD24A42DEFBAAD00FB7CDB /* MelodyMapTests */,
				AAFD24AE2DEFBAAD00FB7CDB /* MelodyMapUITests */,
				AAFD24952DEFBAAB00FB7CDB /* Products */,
			);
			sourceTree = "<group>";
		};
		AAFD24952DEFBAAB00FB7CDB /* Products */ = {
			isa = PBXGroup;
			children = (
				AAFD24942DEFBAAB00FB7CDB /* MelodyMap.app */,
				AAFD24A12DEFBAAD00FB7CDB /* MelodyMapTests.xctest */,
				AAFD24AB2DEFBAAD00FB7CDB /* MelodyMapUITests.xctest */,
			);
			name = Products;
			sourceTree = "<group>";
		};
/* End PBXGroup section */

/* Begin PBXNativeTarget section */
		AAFD24932DEFBAAB00FB7CDB /* MelodyMap */ = {
			isa = PBXNativeTarget;
			buildConfigurationList = AAFD24B52DEFBAAD00FB7CDB /* Build configuration list for PBXNativeTarget "MelodyMap" */;
			buildPhases = (
				AAFD24902DEFBAAB00FB7CDB /* Sources */,
				AAFD24912DEFBAAB00FB7CDB /* Frameworks */,
				AAFD24922DEFBAAB00FB7CDB /* Resources */,
			);
			buildRules = (
			);
			dependencies = (
			);
			fileSystemSynchronizedGroups = (
				AAFD24962DEFBAAB00FB7CDB /* MelodyMap */,
			);
			name = MelodyMap;
			packageProductDependencies = (
			);
			productName = MelodyMap;
			productReference = AAFD24942DEFBAAB00FB7CDB /* MelodyMap.app */;
			productType = "com.apple.product-type.application";
		};
		AAFD24A02DEFBAAD00FB7CDB /* MelodyMapTests */ = {
			isa = PBXNativeTarget;
			buildConfigurationList = AAFD24B82DEFBAAD00FB7CDB /* Build configuration list for PBXNativeTarget "MelodyMapTests" */;
			buildPhases = (
				AAFD249D2DEFBAAD00FB7CDB /* Sources */,
				AAFD249E2DEFBAAD00FB7CDB /* Frameworks */,
				AAFD249F2DEFBAAD00FB7CDB /* Resources */,
			);
			buildRules = (
			);
			dependencies = (
				AAFD24A32DEFBAAD00FB7CDB /* PBXTargetDependency */,
			);
			fileSystemSynchronizedGroups = (
				AAFD24A42DEFBAAD00FB7CDB /* MelodyMapTests */,
			);
			name = MelodyMapTests;
			packageProductDependencies = (
			);
			productName = MelodyMapTests;
			productReference = AAFD24A12DEFBAAD00FB7CDB /* MelodyMapTests.xctest */;
			productType = "com.apple.product-type.bundle.unit-test";
		};
		AAFD24AA2DEFBAAD00FB7CDB /* MelodyMapUITests */ = {
			isa = PBXNativeTarget;
			buildConfigurationList = AAFD24BB2DEFBAAD00FB7CDB /* Build configuration list for PBXNativeTarget "MelodyMapUITests" */;
			buildPhases = (
				AAFD24A72DEFBAAD00FB7CDB /* Sources */,
				AAFD24A82DEFBAAD00FB7CDB /* Frameworks */,
				AAFD24A92DEFBAAD00FB7CDB /* Resources */,
			);
			buildRules = (
			);
			dependencies = (
				AAFD24AD2DEFBAAD00FB7CDB /* PBXTargetDependency */,
			);
			fileSystemSynchronizedGroups = (
				AAFD24AE2DEFBAAD00FB7CDB /* MelodyMapUITests */,
			);
			name = MelodyMapUITests;
			packageProductDependencies = (
			);
			productName = MelodyMapUITests;
			productReference = AAFD24AB2DEFBAAD00FB7CDB /* MelodyMapUITests.xctest */;
			productType = "com.apple.product-type.bundle.ui-testing";
		};
/* End PBXNativeTarget section */

/* Begin PBXProject section */
		AAFD248C2DEFBAAB00FB7CDB /* Project object */ = {
			isa = PBXProject;
			attributes = {
				BuildIndependentTargetsInParallel = 1;
				LastSwiftUpdateCheck = 1630;
				LastUpgradeCheck = 1630;
				TargetAttributes = {
					AAFD24932DEFBAAB00FB7CDB = {
						CreatedOnToolsVersion = 16.3;
					};
					AAFD24A02DEFBAAD00FB7CDB = {
						CreatedOnToolsVersion = 16.3;
						TestTargetID = AAFD24932DEFBAAB00FB7CDB;
					};
					AAFD24AA2DEFBAAD00FB7CDB = {
						CreatedOnToolsVersion = 16.3;
						TestTargetID = AAFD24932DEFBAAB00FB7CDB;
					};
				};
			};
			buildConfigurationList = AAFD248F2DEFBAAB00FB7CDB /* Build configuration list for PBXProject "MelodyMap" */;
			developmentRegion = en;
			hasScannedForEncodings = 0;
			knownRegions = (
				en,
				Base,
			);
			mainGroup = AAFD248B2DEFBAAB00FB7CDB;
			minimizedProjectReferenceProxies = 1;
			preferredProjectObjectVersion = 77;
			productRefGroup = AAFD24952DEFBAAB00FB7CDB /* Products */;
			projectDirPath = "";
			projectRoot = "";
			targets = (
				AAFD24932DEFBAAB00FB7CDB /* MelodyMap */,
				AAFD24A02DEFBAAD00FB7CDB /* MelodyMapTests */,
				AAFD24AA2DEFBAAD00FB7CDB /* MelodyMapUITests */,
			);
		};
/* End PBXProject section */

/* Begin PBXResourcesBuildPhase section */
		AAFD24922DEFBAAB00FB7CDB /* Resources */ = {
			isa = PBXResourcesBuildPhase;
			buildActionMask = 2147483647;
			files = (
			);
			runOnlyForDeploymentPostprocessing = 0;
		};
		AAFD249F2DEFBAAD00FB7CDB /* Resources */ = {
			isa = PBXResourcesBuildPhase;
			buildActionMask = 2147483647;
			files = (
			);
			runOnlyForDeploymentPostprocessing = 0;
		};
		AAFD24A92DEFBAAD00FB7CDB /* Resources */ = {
			isa = PBXResourcesBuildPhase;
			buildActionMask = 2147483647;
			files = (
			);
			runOnlyForDeploymentPostprocessing = 0;
		};
/* End PBXResourcesBuildPhase section */

/* Begin PBXSourcesBuildPhase section */
		AAFD24902DEFBAAB00FB7CDB /* Sources */ = {
			isa = PBXSourcesBuildPhase;
			buildActionMask = 2147483647;
			files = (
			);
			runOnlyForDeploymentPostprocessing = 0;
		};
		AAFD249D2DEFBAAD00FB7CDB /* Sources */ = {
			isa = PBXSourcesBuildPhase;
			buildActionMask = 2147483647;
			files = (
			);
			runOnlyForDeploymentPostprocessing = 0;
		};
		AAFD24A72DEFBAAD00FB7CDB /* Sources */ = {
			isa = PBXSourcesBuildPhase;
			buildActionMask = 2147483647;
			files = (
			);
			runOnlyForDeploymentPostprocessing = 0;
		};
/* End PBXSourcesBuildPhase section */

/* Begin PBXTargetDependency section */
		AAFD24A32DEFBAAD00FB7CDB /* PBXTargetDependency */ = {
			isa = PBXTargetDependency;
			target = AAFD24932DEFBAAB00FB7CDB /* MelodyMap */;
			targetProxy = AAFD24A22DEFBAAD00FB7CDB /* PBXContainerItemProxy */;
		};
		AAFD24AD2DEFBAAD00FB7CDB /* PBXTargetDependency */ = {
			isa = PBXTargetDependency;
			target = AAFD24932DEFBAAB00FB7CDB /* MelodyMap */;
			targetProxy = AAFD24AC2DEFBAAD00FB7CDB /* PBXContainerItemProxy */;
		};
/* End PBXTargetDependency section */

/* Begin XCBuildConfiguration section */
		AAFD24B32DEFBAAD00FB7CDB /* Debug */ = {
			isa = XCBuildConfiguration;
			buildSettings = {
				ALWAYS_SEARCH_USER_PATHS = NO;
				ASSETCATALOG_COMPILER_GENERATE_SWIFT_ASSET_SYMBOL_EXTENSIONS = YES;
				CLANG_ANALYZER_NONNULL = YES;
				CLANG_ANALYZER_NUMBER_OBJECT_CONVERSION = YES_AGGRESSIVE;
				CLANG_CXX_LANGUAGE_STANDARD = "gnu++20";
				CLANG_ENABLE_MODULES = YES;
				CLANG_ENABLE_OBJC_ARC = YES;
				CLANG_ENABLE_OBJC_WEAK = YES;
				CLANG_WARN_BLOCK_CAPTURE_AUTORELEASING = YES;
				CLANG_WARN_BOOL_CONVERSION = YES;
				CLANG_WARN_COMMA = YES;
				CLANG_WARN_CONSTANT_CONVERSION = YES;
				CLANG_WARN_DEPRECATED_OBJC_IMPLEMENTATIONS = YES;
				CLANG_WARN_DIRECT_OBJC_ISA_USAGE = YES_ERROR;
				CLANG_WARN_DOCUMENTATION_COMMENTS = YES;
				CLANG_WARN_EMPTY_BODY = YES;
				CLANG_WARN_ENUM_CONVERSION = YES;
				CLANG_WARN_INFINITE_RECURSION = YES;
				CLANG_WARN_INT_CONVERSION = YES;
				CLANG_WARN_NON_LITERAL_NULL_CONVERSION = YES;
				CLANG_WARN_OBJC_IMPLICIT_RETAIN_SELF = YES;
				CLANG_WARN_OBJC_LITERAL_CONVERSION = YES;
				CLANG_WARN_OBJC_ROOT_CLASS = YES_ERROR;
				CLANG_WARN_QUOTED_INCLUDE_IN_FRAMEWORK_HEADER = YES;
				CLANG_WARN_RANGE_LOOP_ANALYSIS = YES;
				CLANG_WARN_STRICT_PROTOTYPES = YES;
				CLANG_WARN_SUSPICIOUS_MOVE = YES;
				CLANG_WARN_UNGUARDED_AVAILABILITY = YES_AGGRESSIVE;
				CLANG_WARN_UNREACHABLE_CODE = YES;
				CLANG_WARN__DUPLICATE_METHOD_MATCH = YES;
				COPY_PHASE_STRIP = NO;
				DEBUG_INFORMATION_FORMAT = dwarf;
				DEVELOPMENT_TEAM = UD2V2S5JKQ;
				ENABLE_STRICT_OBJC_MSGSEND = YES;
				ENABLE_TESTABILITY = YES;
				ENABLE_USER_SCRIPT_SANDBOXING = YES;
				GCC_C_LANGUAGE_STANDARD = gnu17;
				GCC_DYNAMIC_NO_PIC = NO;
				GCC_NO_COMMON_BLOCKS = YES;
				GCC_OPTIMIZATION_LEVEL = 0;
				GCC_PREPROCESSOR_DEFINITIONS = (
					"DEBUG=1",
					"$(inherited)",
				);
				GCC_WARN_64_TO_32_BIT_CONVERSION = YES;
				GCC_WARN_ABOUT_RETURN_TYPE = YES_ERROR;
				GCC_WARN_UNDECLARED_SELECTOR = YES;
				GCC_WARN_UNINITIALIZED_AUTOS = YES_AGGRESSIVE;
				GCC_WARN_UNUSED_FUNCTION = YES;
				GCC_WARN_UNUSED_VARIABLE = YES;
				IPHONEOS_DEPLOYMENT_TARGET = 18.4;
				LOCALIZATION_PREFERS_STRING_CATALOGS = YES;
				MTL_ENABLE_DEBUG_INFO = INCLUDE_SOURCE;
				MTL_FAST_MATH = YES;
				ONLY_ACTIVE_ARCH = YES;
				SDKROOT = iphoneos;
				SWIFT_ACTIVE_COMPILATION_CONDITIONS = "DEBUG $(inherited)";
				SWIFT_OPTIMIZATION_LEVEL = "-Onone";
			};
			name = Debug;
		};
		AAFD24B42DEFBAAD00FB7CDB /* Release */ = {
			isa = XCBuildConfiguration;
			buildSettings = {
				ALWAYS_SEARCH_USER_PATHS = NO;
				ASSETCATALOG_COMPILER_GENERATE_SWIFT_ASSET_SYMBOL_EXTENSIONS = YES;
				CLANG_ANALYZER_NONNULL = YES;
				CLANG_ANALYZER_NUMBER_OBJECT_CONVERSION = YES_AGGRESSIVE;
				CLANG_CXX_LANGUAGE_STANDARD = "gnu++20";
				CLANG_ENABLE_MODULES = YES;
				CLANG_ENABLE_OBJC_ARC = YES;
				CLANG_ENABLE_OBJC_WEAK = YES;
				CLANG_WARN_BLOCK_CAPTURE_AUTORELEASING = YES;
				CLANG_WARN_BOOL_CONVERSION = YES;
				CLANG_WARN_COMMA = YES;
				CLANG_WARN_CONSTANT_CONVERSION = YES;
				CLANG_WARN_DEPRECATED_OBJC_IMPLEMENTATIONS = YES;
				CLANG_WARN_DIRECT_OBJC_ISA_USAGE = YES_ERROR;
				CLANG_WARN_DOCUMENTATION_COMMENTS = YES;
				CLANG_WARN_EMPTY_BODY = YES;
				CLANG_WARN_ENUM_CONVERSION = YES;
				CLANG_WARN_INFINITE_RECURSION = YES;
				CLANG_WARN_INT_CONVERSION = YES;
				CLANG_WARN_NON_LITERAL_NULL_CONVERSION = YES;
				CLANG_WARN_OBJC_IMPLICIT_RETAIN_SELF = YES;
				CLANG_WARN_OBJC_LITERAL_CONVERSION = YES;
				CLANG_WARN_OBJC_ROOT_CLASS = YES_ERROR;
				CLANG_WARN_QUOTED_INCLUDE_IN_FRAMEWORK_HEADER = YES;
				CLANG_WARN_RANGE_LOOP_ANALYSIS = YES;
				CLANG_WARN_STRICT_PROTOTYPES = YES;
				CLANG_WARN_SUSPICIOUS_MOVE = YES;
				CLANG_WARN_UNGUARDED_AVAILABILITY = YES_AGGRESSIVE;
				CLANG_WARN_UNREACHABLE_CODE = YES;
				CLANG_WARN__DUPLICATE_METHOD_MATCH = YES;
				COPY_PHASE_STRIP = NO;
				DEBUG_INFORMATION_FORMAT = "dwarf-with-dsym";
				DEVELOPMENT_TEAM = UD2V2S5JKQ;
				ENABLE_NS_ASSERTIONS = NO;
				ENABLE_STRICT_OBJC_MSGSEND = YES;
				ENABLE_USER_SCRIPT_SANDBOXING = YES;
				GCC_C_LANGUAGE_STANDARD = gnu17;
				GCC_NO_COMMON_BLOCKS = YES;
				GCC_WARN_64_TO_32_BIT_CONVERSION = YES;
				GCC_WARN_ABOUT_RETURN_TYPE = YES_ERROR;
				GCC_WARN_UNDECLARED_SELECTOR = YES;
				GCC_WARN_UNINITIALIZED_AUTOS = YES_AGGRESSIVE;
				GCC_WARN_UNUSED_FUNCTION = YES;
				GCC_WARN_UNUSED_VARIABLE = YES;
				IPHONEOS_DEPLOYMENT_TARGET = 18.4;
				LOCALIZATION_PREFERS_STRING_CATALOGS = YES;
				MTL_ENABLE_DEBUG_INFO = NO;
				MTL_FAST_MATH = YES;
				SDKROOT = iphoneos;
				SWIFT_COMPILATION_MODE = wholemodule;
				VALIDATE_PRODUCT = YES;
			};
			name = Release;
		};
		AAFD24B62DEFBAAD00FB7CDB /* Debug */ = {
			isa = XCBuildConfiguration;
			buildSettings = {
				ASSETCATALOG_COMPILER_APPICON_NAME = AppIcon;
				ASSETCATALOG_COMPILER_GLOBAL_ACCENT_COLOR_NAME = AccentColor;
				CODE_SIGN_STYLE = Automatic;
				CURRENT_PROJECT_VERSION = 1;
				DEVELOPMENT_TEAM = 762R9LX3JG;
				ENABLE_PREVIEWS = YES;
				GENERATE_INFOPLIST_FILE = YES;
				INFOPLIST_KEY_UIApplicationSceneManifest_Generation = YES;
				INFOPLIST_KEY_UIApplicationSupportsIndirectInputEvents = YES;
				INFOPLIST_KEY_UILaunchScreen_Generation = YES;
				INFOPLIST_KEY_UISupportedInterfaceOrientations_iPad = "UIInterfaceOrientationPortrait UIInterfaceOrientationPortraitUpsideDown UIInterfaceOrientationLandscapeLeft UIInterfaceOrientationLandscapeRight";
				INFOPLIST_KEY_UISupportedInterfaceOrientations_iPhone = "UIInterfaceOrientationPortrait UIInterfaceOrientationLandscapeLeft UIInterfaceOrientationLandscapeRight";
				IPHONEOS_DEPLOYMENT_TARGET = 18.0;
				LD_RUNPATH_SEARCH_PATHS = (
					"$(inherited)",
					"@executable_path/Frameworks",
				);
				MARKETING_VERSION = 1.0;
				PRODUCT_BUNDLE_IDENTIFIER = edu.uw.ischool.arvinh16.MelodyMap;
				PRODUCT_NAME = "$(TARGET_NAME)";
				SWIFT_EMIT_LOC_STRINGS = YES;
				SWIFT_VERSION = 5.0;
				TARGETED_DEVICE_FAMILY = "1,2";
			};
			name = Debug;
		};
		AAFD24B72DEFBAAD00FB7CDB /* Release */ = {
			isa = XCBuildConfiguration;
			buildSettings = {
				ASSETCATALOG_COMPILER_APPICON_NAME = AppIcon;
				ASSETCATALOG_COMPILER_GLOBAL_ACCENT_COLOR_NAME = AccentColor;
				CODE_SIGN_STYLE = Automatic;
				CURRENT_PROJECT_VERSION = 1;
				DEVELOPMENT_TEAM = 762R9LX3JG;
				ENABLE_PREVIEWS = YES;
				GENERATE_INFOPLIST_FILE = YES;
				INFOPLIST_KEY_UIApplicationSceneManifest_Generation = YES;
				INFOPLIST_KEY_UIApplicationSupportsIndirectInputEvents = YES;
				INFOPLIST_KEY_UILaunchScreen_Generation = YES;
				INFOPLIST_KEY_UISupportedInterfaceOrientations_iPad = "UIInterfaceOrientationPortrait UIInterfaceOrientationPortraitUpsideDown UIInterfaceOrientationLandscapeLeft UIInterfaceOrientationLandscapeRight";
				INFOPLIST_KEY_UISupportedInterfaceOrientations_iPhone = "UIInterfaceOrientationPortrait UIInterfaceOrientationLandscapeLeft UIInterfaceOrientationLandscapeRight";
				IPHONEOS_DEPLOYMENT_TARGET = 18.0;
				LD_RUNPATH_SEARCH_PATHS = (
					"$(inherited)",
					"@executable_path/Frameworks",
				);
				MARKETING_VERSION = 1.0;
				PRODUCT_BUNDLE_IDENTIFIER = edu.uw.ischool.arvinh16.MelodyMap;
				PRODUCT_NAME = "$(TARGET_NAME)";
				SWIFT_EMIT_LOC_STRINGS = YES;
				SWIFT_VERSION = 5.0;
				TARGETED_DEVICE_FAMILY = "1,2";
			};
			name = Release;
		};
		AAFD24B92DEFBAAD00FB7CDB /* Debug */ = {
			isa = XCBuildConfiguration;
			buildSettings = {
				BUNDLE_LOADER = "$(TEST_HOST)";
				CODE_SIGN_STYLE = Automatic;
				CURRENT_PROJECT_VERSION = 1;
				DEVELOPMENT_TEAM = UD2V2S5JKQ;
				GENERATE_INFOPLIST_FILE = YES;
				IPHONEOS_DEPLOYMENT_TARGET = 18.4;
				MARKETING_VERSION = 1.0;
				PRODUCT_BUNDLE_IDENTIFIER = edu.uw.ischool.anantd.MelodyMapTests;
				PRODUCT_NAME = "$(TARGET_NAME)";
				SWIFT_EMIT_LOC_STRINGS = NO;
				SWIFT_VERSION = 5.0;
				TARGETED_DEVICE_FAMILY = "1,2";
				TEST_HOST = "$(BUILT_PRODUCTS_DIR)/MelodyMap.app/$(BUNDLE_EXECUTABLE_FOLDER_PATH)/MelodyMap";
			};
			name = Debug;
		};
		AAFD24BA2DEFBAAD00FB7CDB /* Release */ = {
			isa = XCBuildConfiguration;
			buildSettings = {
				BUNDLE_LOADER = "$(TEST_HOST)";
				CODE_SIGN_STYLE = Automatic;
				CURRENT_PROJECT_VERSION = 1;
				DEVELOPMENT_TEAM = UD2V2S5JKQ;
				GENERATE_INFOPLIST_FILE = YES;
				IPHONEOS_DEPLOYMENT_TARGET = 18.4;
				MARKETING_VERSION = 1.0;
				PRODUCT_BUNDLE_IDENTIFIER = edu.uw.ischool.anantd.MelodyMapTests;
				PRODUCT_NAME = "$(TARGET_NAME)";
				SWIFT_EMIT_LOC_STRINGS = NO;
				SWIFT_VERSION = 5.0;
				TARGETED_DEVICE_FAMILY = "1,2";
				TEST_HOST = "$(BUILT_PRODUCTS_DIR)/MelodyMap.app/$(BUNDLE_EXECUTABLE_FOLDER_PATH)/MelodyMap";
			};
			name = Release;
		};
		AAFD24BC2DEFBAAD00FB7CDB /* Debug */ = {
			isa = XCBuildConfiguration;
			buildSettings = {
				CODE_SIGN_STYLE = Automatic;
				CURRENT_PROJECT_VERSION = 1;
				DEVELOPMENT_TEAM = UD2V2S5JKQ;
				GENERATE_INFOPLIST_FILE = YES;
				MARKETING_VERSION = 1.0;
				PRODUCT_BUNDLE_IDENTIFIER = edu.uw.ischool.anantd.MelodyMapUITests;
				PRODUCT_NAME = "$(TARGET_NAME)";
				SWIFT_EMIT_LOC_STRINGS = NO;
				SWIFT_VERSION = 5.0;
				TARGETED_DEVICE_FAMILY = "1,2";
				TEST_TARGET_NAME = MelodyMap;
			};
			name = Debug;
		};
		AAFD24BD2DEFBAAD00FB7CDB /* Release */ = {
			isa = XCBuildConfiguration;
			buildSettings = {
				CODE_SIGN_STYLE = Automatic;
				CURRENT_PROJECT_VERSION = 1;
				DEVELOPMENT_TEAM = UD2V2S5JKQ;
				GENERATE_INFOPLIST_FILE = YES;
				MARKETING_VERSION = 1.0;
				PRODUCT_BUNDLE_IDENTIFIER = edu.uw.ischool.anantd.MelodyMapUITests;
				PRODUCT_NAME = "$(TARGET_NAME)";
				SWIFT_EMIT_LOC_STRINGS = NO;
				SWIFT_VERSION = 5.0;
				TARGETED_DEVICE_FAMILY = "1,2";
				TEST_TARGET_NAME = MelodyMap;
			};
			name = Release;
		};
/* End XCBuildConfiguration section */

/* Begin XCConfigurationList section */
		AAFD248F2DEFBAAB00FB7CDB /* Build configuration list for PBXProject "MelodyMap" */ = {
			isa = XCConfigurationList;
			buildConfigurations = (
				AAFD24B32DEFBAAD00FB7CDB /* Debug */,
				AAFD24B42DEFBAAD00FB7CDB /* Release */,
			);
			defaultConfigurationIsVisible = 0;
			defaultConfigurationName = Release;
		};
		AAFD24B52DEFBAAD00FB7CDB /* Build configuration list for PBXNativeTarget "MelodyMap" */ = {
			isa = XCConfigurationList;
			buildConfigurations = (
				AAFD24B62DEFBAAD00FB7CDB /* Debug */,
				AAFD24B72DEFBAAD00FB7CDB /* Release */,
			);
			defaultConfigurationIsVisible = 0;
			defaultConfigurationName = Release;
		};
		AAFD24B82DEFBAAD00FB7CDB /* Build configuration list for PBXNativeTarget "MelodyMapTests" */ = {
			isa = XCConfigurationList;
			buildConfigurations = (
				AAFD24B92DEFBAAD00FB7CDB /* Debug */,
				AAFD24BA2DEFBAAD00FB7CDB /* Release */,
			);
			defaultConfigurationIsVisible = 0;
			defaultConfigurationName = Release;
		};
		AAFD24BB2DEFBAAD00FB7CDB /* Build configuration list for PBXNativeTarget "MelodyMapUITests" */ = {
			isa = XCConfigurationList;
			buildConfigurations = (
				AAFD24BC2DEFBAAD00FB7CDB /* Debug */,
				AAFD24BD2DEFBAAD00FB7CDB /* Release */,
			);
			defaultConfigurationIsVisible = 0;
			defaultConfigurationName = Release;
		};
/* End XCConfigurationList section */
	};
	rootObject = AAFD248C2DEFBAAB00FB7CDB /* Project object */;
}
